// !$*UTF8*$!
{
	archiveVersion = 1;
	classes = {
	};
	objectVersion = 56;
	objects = {

/* Begin PBXBuildFile section */
		032EE8652CFCEC5F00949922 /* ExpenseListVIew.swift in Sources */ = {isa = PBXBuildFile; fileRef = 032EE8642CFCEC5F00949922 /* ExpenseListVIew.swift */; };
		03DD5E842D00DDA600F3CDB0 /* ExpenseRowView.swift in Sources */ = {isa = PBXBuildFile; fileRef = 03DD5E832D00DDA600F3CDB0 /* ExpenseRowView.swift */; };
		2CBBAC972CF11214005EDE41 /* PageView.swift in Sources */ = {isa = PBXBuildFile; fileRef = 2CBBAC962CF11214005EDE41 /* PageView.swift */; };
		2CBBAC9A2CF12A78005EDE41 /* PieChartView.swift in Sources */ = {isa = PBXBuildFile; fileRef = 2CBBAC992CF12A78005EDE41 /* PieChartView.swift */; };
		2CBBAC9F2CF12F30005EDE41 /* Category.swift in Sources */ = {isa = PBXBuildFile; fileRef = 2CBBAC9E2CF12F30005EDE41 /* Category.swift */; };
		2CBBACA62CF1E3F4005EDE41 /* CategoryRow.swift in Sources */ = {isa = PBXBuildFile; fileRef = 2CBBACA52CF1E3F4005EDE41 /* CategoryRow.swift */; };
		2CBBACA82CF1E809005EDE41 /* MainView.swift in Sources */ = {isa = PBXBuildFile; fileRef = 2CBBACA72CF1E809005EDE41 /* MainView.swift */; };
		2CBBACB92CF5DACA005EDE41 /* TopBar.swift in Sources */ = {isa = PBXBuildFile; fileRef = 2CBBACB82CF5DACA005EDE41 /* TopBar.swift */; };
		2CBBACBB2CF5DADB005EDE41 /* BottomBar.swift in Sources */ = {isa = PBXBuildFile; fileRef = 2CBBACBA2CF5DADB005EDE41 /* BottomBar.swift */; };
		2CCD59882D034AA300FB2553 /* AddTransactionView.swift in Sources */ = {isa = PBXBuildFile; fileRef = 2CCD59832D034AA300FB2553 /* AddTransactionView.swift */; };
		2CCD59892D034AA300FB2553 /* CategorySquare.swift in Sources */ = {isa = PBXBuildFile; fileRef = 2CCD59852D034AA300FB2553 /* CategorySquare.swift */; };
		2CCD598A2D034AA300FB2553 /* TransactionModel.swift in Sources */ = {isa = PBXBuildFile; fileRef = 2CCD59812D034AA300FB2553 /* TransactionModel.swift */; };
		2CCD598B2D034AA300FB2553 /* CategoriesDescription.swift in Sources */ = {isa = PBXBuildFile; fileRef = 2CCD59842D034AA300FB2553 /* CategoriesDescription.swift */; };
		2CCD598D2D034C8200FB2553 /* AddTransactionViewModel.swift in Sources */ = {isa = PBXBuildFile; fileRef = 2CCD598C2D034C8200FB2553 /* AddTransactionViewModel.swift */; };
		8F06F16C2CEA33E400FA845B /* MoneyManagerApp.swift in Sources */ = {isa = PBXBuildFile; fileRef = 8F06F16B2CEA33E400FA845B /* MoneyManagerApp.swift */; };
		8F06F16E2CEA33E400FA845B /* ContentView.swift in Sources */ = {isa = PBXBuildFile; fileRef = 8F06F16D2CEA33E400FA845B /* ContentView.swift */; };
		8F06F1702CEA33E500FA845B /* Assets.xcassets in Resources */ = {isa = PBXBuildFile; fileRef = 8F06F16F2CEA33E500FA845B /* Assets.xcassets */; };
		8F06F1732CEA33E500FA845B /* Preview Assets.xcassets in Resources */ = {isa = PBXBuildFile; fileRef = 8F06F1722CEA33E500FA845B /* Preview Assets.xcassets */; };
		8F23D96B2CF8FAA200C5F99C /* FirebaseAuth in Frameworks */ = {isa = PBXBuildFile; productRef = 8F23D96A2CF8FAA200C5F99C /* FirebaseAuth */; };
		8F23D96D2CF8FAA200C5F99C /* FirebaseFirestore in Frameworks */ = {isa = PBXBuildFile; productRef = 8F23D96C2CF8FAA200C5F99C /* FirebaseFirestore */; };
		8F23D96F2CF8FAA200C5F99C /* FirebaseFirestoreCombine-Community in Frameworks */ = {isa = PBXBuildFile; productRef = 8F23D96E2CF8FAA200C5F99C /* FirebaseFirestoreCombine-Community */; };
		8F23D9712CF8FAE200C5F99C /* GoogleService-Info.plist in Resources */ = {isa = PBXBuildFile; fileRef = 8F23D9702CF8FAE200C5F99C /* GoogleService-Info.plist */; };
		8F23D9732CF8FB2700C5F99C /* FirebaseAuthService.swift in Sources */ = {isa = PBXBuildFile; fileRef = 8F23D9722CF8FB2700C5F99C /* FirebaseAuthService.swift */; };
		8F23D9752CF8FB4500C5F99C /* DataService.swift in Sources */ = {isa = PBXBuildFile; fileRef = 8F23D9742CF8FB4500C5F99C /* DataService.swift */; };
		8FB5CD612CFC9F9B00534832 /* AuthorizationView.swift in Sources */ = {isa = PBXBuildFile; fileRef = 8FB5CD602CFC9F9B00534832 /* AuthorizationView.swift */; };
		8FB5CD632CFC9FC900534832 /* RegistrationView.swift in Sources */ = {isa = PBXBuildFile; fileRef = 8FB5CD622CFC9FC900534832 /* RegistrationView.swift */; };
		8FB5CD662CFCA1B800534832 /* Color+hex.swift in Sources */ = {isa = PBXBuildFile; fileRef = 8FB5CD652CFCA1B800534832 /* Color+hex.swift */; };
		8FB5CD682CFCA9ED00534832 /* SFProDisplayMedium.otf in Resources */ = {isa = PBXBuildFile; fileRef = 8FB5CD672CFCA9ED00534832 /* SFProDisplayMedium.otf */; };
		8FB5CD6A2CFCA9F900534832 /* SFProDisplayBold.otf in Resources */ = {isa = PBXBuildFile; fileRef = 8FB5CD692CFCA9F900534832 /* SFProDisplayBold.otf */; };
		8FB5CD6C2CFCAA0400534832 /* SFProDisplayRegular.otf in Resources */ = {isa = PBXBuildFile; fileRef = 8FB5CD6B2CFCAA0400534832 /* SFProDisplayRegular.otf */; };
		8FB5CD6E2CFCAA0D00534832 /* SFProDisplaySemibold.otf in Resources */ = {isa = PBXBuildFile; fileRef = 8FB5CD6D2CFCAA0D00534832 /* SFProDisplaySemibold.otf */; };
		8FB5CD722CFCAAE100534832 /* Fonts.swift in Sources */ = {isa = PBXBuildFile; fileRef = 8FB5CD712CFCAAE100534832 /* Fonts.swift */; };
		8FB5CD752CFCAC9500534832 /* PasswordField.swift in Sources */ = {isa = PBXBuildFile; fileRef = 8FB5CD742CFCAC9500534832 /* PasswordField.swift */; };
		8FB5CD772CFCACB300534832 /* CustomTextField.swift in Sources */ = {isa = PBXBuildFile; fileRef = 8FB5CD762CFCACB300534832 /* CustomTextField.swift */; };
		C6AC98992CFE56C3001C8CFD /* SelectionPeriodView.swift in Sources */ = {isa = PBXBuildFile; fileRef = C6AC98982CFE56C3001C8CFD /* SelectionPeriodView.swift */; };
/* End PBXBuildFile section */

/* Begin PBXFileReference section */
		032EE8642CFCEC5F00949922 /* ExpenseListVIew.swift */ = {isa = PBXFileReference; lastKnownFileType = sourcecode.swift; path = ExpenseListVIew.swift; sourceTree = "<group>"; };
		03DD5E832D00DDA600F3CDB0 /* ExpenseRowView.swift */ = {isa = PBXFileReference; lastKnownFileType = sourcecode.swift; path = ExpenseRowView.swift; sourceTree = "<group>"; };
		2CBBAC962CF11214005EDE41 /* PageView.swift */ = {isa = PBXFileReference; lastKnownFileType = sourcecode.swift; path = PageView.swift; sourceTree = "<group>"; };
		2CBBAC992CF12A78005EDE41 /* PieChartView.swift */ = {isa = PBXFileReference; lastKnownFileType = sourcecode.swift; path = PieChartView.swift; sourceTree = "<group>"; };
		2CBBAC9E2CF12F30005EDE41 /* Category.swift */ = {isa = PBXFileReference; lastKnownFileType = sourcecode.swift; path = Category.swift; sourceTree = "<group>"; };
		2CBBACA52CF1E3F4005EDE41 /* CategoryRow.swift */ = {isa = PBXFileReference; lastKnownFileType = sourcecode.swift; path = CategoryRow.swift; sourceTree = "<group>"; };
		2CBBACA72CF1E809005EDE41 /* MainView.swift */ = {isa = PBXFileReference; indentWidth = 4; lastKnownFileType = sourcecode.swift; path = MainView.swift; sourceTree = "<group>"; tabWidth = 4; };
		2CBBACB82CF5DACA005EDE41 /* TopBar.swift */ = {isa = PBXFileReference; lastKnownFileType = sourcecode.swift; path = TopBar.swift; sourceTree = "<group>"; };
		2CBBACBA2CF5DADB005EDE41 /* BottomBar.swift */ = {isa = PBXFileReference; lastKnownFileType = sourcecode.swift; path = BottomBar.swift; sourceTree = "<group>"; };
		2CCD59812D034AA300FB2553 /* TransactionModel.swift */ = {isa = PBXFileReference; lastKnownFileType = sourcecode.swift; path = TransactionModel.swift; sourceTree = "<group>"; };
		2CCD59832D034AA300FB2553 /* AddTransactionView.swift */ = {isa = PBXFileReference; lastKnownFileType = sourcecode.swift; path = AddTransactionView.swift; sourceTree = "<group>"; };
		2CCD59842D034AA300FB2553 /* CategoriesDescription.swift */ = {isa = PBXFileReference; lastKnownFileType = sourcecode.swift; path = CategoriesDescription.swift; sourceTree = "<group>"; };
		2CCD59852D034AA300FB2553 /* CategorySquare.swift */ = {isa = PBXFileReference; lastKnownFileType = sourcecode.swift; path = CategorySquare.swift; sourceTree = "<group>"; };
		2CCD598C2D034C8200FB2553 /* AddTransactionViewModel.swift */ = {isa = PBXFileReference; lastKnownFileType = sourcecode.swift; path = AddTransactionViewModel.swift; sourceTree = "<group>"; };
		8F06F1682CEA33E400FA845B /* MoneyManager.app */ = {isa = PBXFileReference; explicitFileType = wrapper.application; includeInIndex = 0; path = MoneyManager.app; sourceTree = BUILT_PRODUCTS_DIR; };
		8F06F16B2CEA33E400FA845B /* MoneyManagerApp.swift */ = {isa = PBXFileReference; lastKnownFileType = sourcecode.swift; path = MoneyManagerApp.swift; sourceTree = "<group>"; };
		8F06F16D2CEA33E400FA845B /* ContentView.swift */ = {isa = PBXFileReference; lastKnownFileType = sourcecode.swift; path = ContentView.swift; sourceTree = "<group>"; };
		8F06F16F2CEA33E500FA845B /* Assets.xcassets */ = {isa = PBXFileReference; lastKnownFileType = folder.assetcatalog; path = Assets.xcassets; sourceTree = "<group>"; };
		8F06F1722CEA33E500FA845B /* Preview Assets.xcassets */ = {isa = PBXFileReference; lastKnownFileType = folder.assetcatalog; path = "Preview Assets.xcassets"; sourceTree = "<group>"; };
		8F23D9702CF8FAE200C5F99C /* GoogleService-Info.plist */ = {isa = PBXFileReference; fileEncoding = 4; lastKnownFileType = text.plist.xml; path = "GoogleService-Info.plist"; sourceTree = "<group>"; };
		8F23D9722CF8FB2700C5F99C /* FirebaseAuthService.swift */ = {isa = PBXFileReference; lastKnownFileType = sourcecode.swift; path = FirebaseAuthService.swift; sourceTree = "<group>"; };
		8F23D9742CF8FB4500C5F99C /* DataService.swift */ = {isa = PBXFileReference; lastKnownFileType = sourcecode.swift; path = DataService.swift; sourceTree = "<group>"; };
		8FB5CD602CFC9F9B00534832 /* AuthorizationView.swift */ = {isa = PBXFileReference; lastKnownFileType = sourcecode.swift; path = AuthorizationView.swift; sourceTree = "<group>"; };
		8FB5CD622CFC9FC900534832 /* RegistrationView.swift */ = {isa = PBXFileReference; lastKnownFileType = sourcecode.swift; path = RegistrationView.swift; sourceTree = "<group>"; };
		8FB5CD652CFCA1B800534832 /* Color+hex.swift */ = {isa = PBXFileReference; lastKnownFileType = sourcecode.swift; path = "Color+hex.swift"; sourceTree = "<group>"; };
		8FB5CD672CFCA9ED00534832 /* SFProDisplayMedium.otf */ = {isa = PBXFileReference; lastKnownFileType = file; path = SFProDisplayMedium.otf; sourceTree = "<group>"; };
		8FB5CD692CFCA9F900534832 /* SFProDisplayBold.otf */ = {isa = PBXFileReference; lastKnownFileType = file; path = SFProDisplayBold.otf; sourceTree = "<group>"; };
		8FB5CD6B2CFCAA0400534832 /* SFProDisplayRegular.otf */ = {isa = PBXFileReference; lastKnownFileType = file; path = SFProDisplayRegular.otf; sourceTree = "<group>"; };
		8FB5CD6D2CFCAA0D00534832 /* SFProDisplaySemibold.otf */ = {isa = PBXFileReference; lastKnownFileType = file; path = SFProDisplaySemibold.otf; sourceTree = "<group>"; };
		8FB5CD6F2CFCAA5700534832 /* Info.plist */ = {isa = PBXFileReference; lastKnownFileType = text.plist; path = Info.plist; sourceTree = "<group>"; };
		8FB5CD712CFCAAE100534832 /* Fonts.swift */ = {isa = PBXFileReference; lastKnownFileType = sourcecode.swift; path = Fonts.swift; sourceTree = "<group>"; };
		8FB5CD742CFCAC9500534832 /* PasswordField.swift */ = {isa = PBXFileReference; lastKnownFileType = sourcecode.swift; path = PasswordField.swift; sourceTree = "<group>"; };
		8FB5CD762CFCACB300534832 /* CustomTextField.swift */ = {isa = PBXFileReference; lastKnownFileType = sourcecode.swift; path = CustomTextField.swift; sourceTree = "<group>"; };
		C6AC98982CFE56C3001C8CFD /* SelectionPeriodView.swift */ = {isa = PBXFileReference; lastKnownFileType = sourcecode.swift; path = SelectionPeriodView.swift; sourceTree = "<group>"; };
/* End PBXFileReference section */

/* Begin PBXFrameworksBuildPhase section */
		8F06F1652CEA33E400FA845B /* Frameworks */ = {
			isa = PBXFrameworksBuildPhase;
			buildActionMask = 2147483647;
			files = (
				8F23D96F2CF8FAA200C5F99C /* FirebaseFirestoreCombine-Community in Frameworks */,
				8F23D96B2CF8FAA200C5F99C /* FirebaseAuth in Frameworks */,
				8F23D96D2CF8FAA200C5F99C /* FirebaseFirestore in Frameworks */,
			);
			runOnlyForDeploymentPostprocessing = 0;
		};
/* End PBXFrameworksBuildPhase section */

/* Begin PBXGroup section */
		032EE8632CFCEC0000949922 /* ExpenseListViews */ = {
			isa = PBXGroup;
			children = (
				032EE8642CFCEC5F00949922 /* ExpenseListVIew.swift */,
				03DD5E832D00DDA600F3CDB0 /* ExpenseRowView.swift */,
			);
			path = ExpenseListViews;
			sourceTree = "<group>";
		};
		2CBBAC932CF1108E005EDE41 /* PageViews */ = {
			isa = PBXGroup;
			children = (
				2CBBAC962CF11214005EDE41 /* PageView.swift */,
				2CBBACA72CF1E809005EDE41 /* MainView.swift */,
			);
			path = PageViews;
			sourceTree = "<group>";
		};
		2CBBAC982CF12A5B005EDE41 /* Tools */ = {
			isa = PBXGroup;
			children = (
				2CBBAC992CF12A78005EDE41 /* PieChartView.swift */,
				2CBBACB82CF5DACA005EDE41 /* TopBar.swift */,
				2CBBACBA2CF5DADB005EDE41 /* BottomBar.swift */,
			);
			path = Tools;
			sourceTree = "<group>";
		};
		2CBBACA02CF12F87005EDE41 /* Resources */ = {
			isa = PBXGroup;
			children = (
				8FB5CD702CFCAAC300534832 /* Fonts */,
			);
			path = Resources;
			sourceTree = "<group>";
		};
		2CBBACAA2CF1F3BA005EDE41 /* CategoryViews */ = {
			isa = PBXGroup;
			children = (
				2CBBACA52CF1E3F4005EDE41 /* CategoryRow.swift */,
			);
			path = CategoryViews;
			sourceTree = "<group>";
		};
		2CCD59822D034AA300FB2553 /* Model */ = {
			isa = PBXGroup;
			children = (
				2CCD598C2D034C8200FB2553 /* AddTransactionViewModel.swift */,
			);
			path = Model;
			sourceTree = "<group>";
		};
		2CCD59862D034AA300FB2553 /* Views */ = {
			isa = PBXGroup;
			children = (
				2CCD59832D034AA300FB2553 /* AddTransactionView.swift */,
				2CCD59842D034AA300FB2553 /* CategoriesDescription.swift */,
				2CCD59852D034AA300FB2553 /* CategorySquare.swift */,
			);
			path = Views;
			sourceTree = "<group>";
		};
		2CCD59872D034AA300FB2553 /* AddTransaction */ = {
			isa = PBXGroup;
			children = (
				2CCD59822D034AA300FB2553 /* Model */,
				2CCD59862D034AA300FB2553 /* Views */,
			);
			path = AddTransaction;
			sourceTree = "<group>";
		};
		8F06F15F2CEA33E400FA845B = {
			isa = PBXGroup;
			children = (
				8F06F16A2CEA33E400FA845B /* MoneyManager */,
				8F06F1692CEA33E400FA845B /* Products */,
			);
			sourceTree = "<group>";
		};
		8F06F1692CEA33E400FA845B /* Products */ = {
			isa = PBXGroup;
			children = (
				8F06F1682CEA33E400FA845B /* MoneyManager.app */,
			);
			name = Products;
			sourceTree = "<group>";
		};
		8F06F16A2CEA33E400FA845B /* MoneyManager */ = {
			isa = PBXGroup;
			children = (
				C6AC98972CFE5681001C8CFD /* Period */,
				8FB5CD6F2CFCAA5700534832 /* Info.plist */,
				8F23D97A2CF8FD4400C5F99C /* App */,
				8FB5CD732CFCAC7D00534832 /* Views */,
				8F23D9782CF8FC3400C5F99C /* Modules */,
				2CBBAC982CF12A5B005EDE41 /* Tools */,
				2CBBACA02CF12F87005EDE41 /* Resources */,
				8F06F16F2CEA33E500FA845B /* Assets.xcassets */,
				8F23D97C2CF8FDC900C5F99C /* Services */,
				8FB5CD642CFCA19F00534832 /* Extensions */,
				8F06F1712CEA33E500FA845B /* Preview Content */,
				8F23D9702CF8FAE200C5F99C /* GoogleService-Info.plist */,
			);
			path = MoneyManager;
			sourceTree = "<group>";
		};
		8F06F1712CEA33E500FA845B /* Preview Content */ = {
			isa = PBXGroup;
			children = (
				8F06F1722CEA33E500FA845B /* Preview Assets.xcassets */,
			);
			path = "Preview Content";
			sourceTree = "<group>";
		};
		8F23D9782CF8FC3400C5F99C /* Modules */ = {
			isa = PBXGroup;
			children = (
				8FB5CD5F2CFC9F6000534832 /* Authorization */,
				8F23D9792CF8FD0500C5F99C /* MainModule */,
				2CCD59872D034AA300FB2553 /* AddTransaction */,
			);
			path = Modules;
			sourceTree = "<group>";
		};
		8F23D9792CF8FD0500C5F99C /* MainModule */ = {
			isa = PBXGroup;
			children = (
				032EE8632CFCEC0000949922 /* ExpenseListViews */,
				2CBBAC932CF1108E005EDE41 /* PageViews */,
				2CBBACAA2CF1F3BA005EDE41 /* CategoryViews */,
			);
			path = MainModule;
			sourceTree = "<group>";
		};
		8F23D97A2CF8FD4400C5F99C /* App */ = {
			isa = PBXGroup;
			children = (
				8F06F16B2CEA33E400FA845B /* MoneyManagerApp.swift */,
				8F06F16D2CEA33E400FA845B /* ContentView.swift */,
			);
			path = App;
			sourceTree = "<group>";
		};
		8F23D97C2CF8FDC900C5F99C /* Services */ = {
			isa = PBXGroup;
			children = (
				8F23D9722CF8FB2700C5F99C /* FirebaseAuthService.swift */,
				8F23D9742CF8FB4500C5F99C /* DataService.swift */,
				2CCD59812D034AA300FB2553 /* TransactionModel.swift */,
				2CBBAC9E2CF12F30005EDE41 /* Category.swift */,
			);
			name = Services;
			sourceTree = "<group>";
		};
		8FB5CD5F2CFC9F6000534832 /* Authorization */ = {
			isa = PBXGroup;
			children = (
				8FB5CD602CFC9F9B00534832 /* AuthorizationView.swift */,
				8FB5CD622CFC9FC900534832 /* RegistrationView.swift */,
			);
			path = Authorization;
			sourceTree = "<group>";
		};
		8FB5CD642CFCA19F00534832 /* Extensions */ = {
			isa = PBXGroup;
			children = (
				8FB5CD652CFCA1B800534832 /* Color+hex.swift */,
				8FB5CD712CFCAAE100534832 /* Fonts.swift */,
			);
			path = Extensions;
			sourceTree = "<group>";
		};
		8FB5CD702CFCAAC300534832 /* Fonts */ = {
			isa = PBXGroup;
			children = (
				8FB5CD6D2CFCAA0D00534832 /* SFProDisplaySemibold.otf */,
				8FB5CD6B2CFCAA0400534832 /* SFProDisplayRegular.otf */,
				8FB5CD692CFCA9F900534832 /* SFProDisplayBold.otf */,
				8FB5CD672CFCA9ED00534832 /* SFProDisplayMedium.otf */,
			);
			path = Fonts;
			sourceTree = "<group>";
		};
		8FB5CD732CFCAC7D00534832 /* Views */ = {
			isa = PBXGroup;
			children = (
				8FB5CD742CFCAC9500534832 /* PasswordField.swift */,
				8FB5CD762CFCACB300534832 /* CustomTextField.swift */,
			);
			path = Views;
			sourceTree = "<group>";
		};
		C6AC98972CFE5681001C8CFD /* Period */ = {
			isa = PBXGroup;
			children = (
				C6AC98982CFE56C3001C8CFD /* SelectionPeriodView.swift */,
			);
			path = Period;
			sourceTree = "<group>";
		};
/* End PBXGroup section */

/* Begin PBXNativeTarget section */
		8F06F1672CEA33E400FA845B /* MoneyManager */ = {
			isa = PBXNativeTarget;
			buildConfigurationList = 8F06F1762CEA33E500FA845B /* Build configuration list for PBXNativeTarget "MoneyManager" */;
			buildPhases = (
				8F06F1642CEA33E400FA845B /* Sources */,
				8F06F1652CEA33E400FA845B /* Frameworks */,
				8F06F1662CEA33E400FA845B /* Resources */,
			);
			buildRules = (
			);
			dependencies = (
			);
			name = MoneyManager;
			packageProductDependencies = (
				8F23D96A2CF8FAA200C5F99C /* FirebaseAuth */,
				8F23D96C2CF8FAA200C5F99C /* FirebaseFirestore */,
				8F23D96E2CF8FAA200C5F99C /* FirebaseFirestoreCombine-Community */,
			);
			productName = MoneyManager;
			productReference = 8F06F1682CEA33E400FA845B /* MoneyManager.app */;
			productType = "com.apple.product-type.application";
		};
/* End PBXNativeTarget section */

/* Begin PBXProject section */
		8F06F1602CEA33E400FA845B /* Project object */ = {
			isa = PBXProject;
			attributes = {
				BuildIndependentTargetsInParallel = 1;
				LastSwiftUpdateCheck = 1540;
				LastUpgradeCheck = 1540;
				TargetAttributes = {
					8F06F1672CEA33E400FA845B = {
						CreatedOnToolsVersion = 15.4;
					};
				};
			};
			buildConfigurationList = 8F06F1632CEA33E400FA845B /* Build configuration list for PBXProject "MoneyManager" */;
			compatibilityVersion = "Xcode 14.0";
			developmentRegion = en;
			hasScannedForEncodings = 0;
			knownRegions = (
				en,
				Base,
			);
			mainGroup = 8F06F15F2CEA33E400FA845B;
			packageReferences = (
				8F23D9692CF8FAA200C5F99C /* XCRemoteSwiftPackageReference "firebase-ios-sdk" */,
			);
			productRefGroup = 8F06F1692CEA33E400FA845B /* Products */;
			projectDirPath = "";
			projectRoot = "";
			targets = (
				8F06F1672CEA33E400FA845B /* MoneyManager */,
			);
		};
/* End PBXProject section */

/* Begin PBXResourcesBuildPhase section */
		8F06F1662CEA33E400FA845B /* Resources */ = {
			isa = PBXResourcesBuildPhase;
			buildActionMask = 2147483647;
			files = (
				8FB5CD6E2CFCAA0D00534832 /* SFProDisplaySemibold.otf in Resources */,
				8F23D9712CF8FAE200C5F99C /* GoogleService-Info.plist in Resources */,
				8FB5CD6A2CFCA9F900534832 /* SFProDisplayBold.otf in Resources */,
				8F06F1732CEA33E500FA845B /* Preview Assets.xcassets in Resources */,
				8F06F1702CEA33E500FA845B /* Assets.xcassets in Resources */,
				8FB5CD6C2CFCAA0400534832 /* SFProDisplayRegular.otf in Resources */,
				8FB5CD682CFCA9ED00534832 /* SFProDisplayMedium.otf in Resources */,
			);
			runOnlyForDeploymentPostprocessing = 0;
		};
/* End PBXResourcesBuildPhase section */

/* Begin PBXSourcesBuildPhase section */
		8F06F1642CEA33E400FA845B /* Sources */ = {
			isa = PBXSourcesBuildPhase;
			buildActionMask = 2147483647;
			files = (
				8F06F16E2CEA33E400FA845B /* ContentView.swift in Sources */,
				2CBBACB92CF5DACA005EDE41 /* TopBar.swift in Sources */,
				2CBBACA82CF1E809005EDE41 /* MainView.swift in Sources */,
				8F23D9752CF8FB4500C5F99C /* DataService.swift in Sources */,
				2CCD598D2D034C8200FB2553 /* AddTransactionViewModel.swift in Sources */,
				2CBBAC9A2CF12A78005EDE41 /* PieChartView.swift in Sources */,
				8FB5CD772CFCACB300534832 /* CustomTextField.swift in Sources */,
				8F23D9732CF8FB2700C5F99C /* FirebaseAuthService.swift in Sources */,
				2CBBACA62CF1E3F4005EDE41 /* CategoryRow.swift in Sources */,
				2CCD59882D034AA300FB2553 /* AddTransactionView.swift in Sources */,
				2CCD59892D034AA300FB2553 /* CategorySquare.swift in Sources */,
				2CCD598A2D034AA300FB2553 /* TransactionModel.swift in Sources */,
				2CCD598B2D034AA300FB2553 /* CategoriesDescription.swift in Sources */,
				C6AC98992CFE56C3001C8CFD /* SelectionPeriodView.swift in Sources */,
				8FB5CD722CFCAAE100534832 /* Fonts.swift in Sources */,
				2CBBACBB2CF5DADB005EDE41 /* BottomBar.swift in Sources */,
				032EE8652CFCEC5F00949922 /* ExpenseListVIew.swift in Sources */,
				8FB5CD662CFCA1B800534832 /* Color+hex.swift in Sources */,
				8FB5CD632CFC9FC900534832 /* RegistrationView.swift in Sources */,
				2CBBAC972CF11214005EDE41 /* PageView.swift in Sources */,
				8FB5CD752CFCAC9500534832 /* PasswordField.swift in Sources */,
				03DD5E842D00DDA600F3CDB0 /* ExpenseRowView.swift in Sources */,
				8F06F16C2CEA33E400FA845B /* MoneyManagerApp.swift in Sources */,
				8FB5CD612CFC9F9B00534832 /* AuthorizationView.swift in Sources */,
				2CBBAC9F2CF12F30005EDE41 /* Category.swift in Sources */,
			);
			runOnlyForDeploymentPostprocessing = 0;
		};
/* End PBXSourcesBuildPhase section */

/* Begin XCBuildConfiguration section */
		8F06F1742CEA33E500FA845B /* Debug */ = {
			isa = XCBuildConfiguration;
			buildSettings = {
				ALWAYS_SEARCH_USER_PATHS = NO;
				ASSETCATALOG_COMPILER_GENERATE_SWIFT_ASSET_SYMBOL_EXTENSIONS = YES;
				CLANG_ANALYZER_NONNULL = YES;
				CLANG_ANALYZER_NUMBER_OBJECT_CONVERSION = YES_AGGRESSIVE;
				CLANG_CXX_LANGUAGE_STANDARD = "gnu++20";
				CLANG_ENABLE_MODULES = YES;
				CLANG_ENABLE_OBJC_ARC = YES;
				CLANG_ENABLE_OBJC_WEAK = YES;
				CLANG_WARN_BLOCK_CAPTURE_AUTORELEASING = YES;
				CLANG_WARN_BOOL_CONVERSION = YES;
				CLANG_WARN_COMMA = YES;
				CLANG_WARN_CONSTANT_CONVERSION = YES;
				CLANG_WARN_DEPRECATED_OBJC_IMPLEMENTATIONS = YES;
				CLANG_WARN_DIRECT_OBJC_ISA_USAGE = YES_ERROR;
				CLANG_WARN_DOCUMENTATION_COMMENTS = YES;
				CLANG_WARN_EMPTY_BODY = YES;
				CLANG_WARN_ENUM_CONVERSION = YES;
				CLANG_WARN_INFINITE_RECURSION = YES;
				CLANG_WARN_INT_CONVERSION = YES;
				CLANG_WARN_NON_LITERAL_NULL_CONVERSION = YES;
				CLANG_WARN_OBJC_IMPLICIT_RETAIN_SELF = YES;
				CLANG_WARN_OBJC_LITERAL_CONVERSION = YES;
				CLANG_WARN_OBJC_ROOT_CLASS = YES_ERROR;
				CLANG_WARN_QUOTED_INCLUDE_IN_FRAMEWORK_HEADER = YES;
				CLANG_WARN_RANGE_LOOP_ANALYSIS = YES;
				CLANG_WARN_STRICT_PROTOTYPES = YES;
				CLANG_WARN_SUSPICIOUS_MOVE = YES;
				CLANG_WARN_UNGUARDED_AVAILABILITY = YES_AGGRESSIVE;
				CLANG_WARN_UNREACHABLE_CODE = YES;
				CLANG_WARN__DUPLICATE_METHOD_MATCH = YES;
				COPY_PHASE_STRIP = NO;
				DEBUG_INFORMATION_FORMAT = dwarf;
				ENABLE_STRICT_OBJC_MSGSEND = YES;
				ENABLE_TESTABILITY = YES;
				ENABLE_USER_SCRIPT_SANDBOXING = YES;
				GCC_C_LANGUAGE_STANDARD = gnu17;
				GCC_DYNAMIC_NO_PIC = NO;
				GCC_NO_COMMON_BLOCKS = YES;
				GCC_OPTIMIZATION_LEVEL = 0;
				GCC_PREPROCESSOR_DEFINITIONS = (
					"DEBUG=1",
					"$(inherited)",
				);
				GCC_WARN_64_TO_32_BIT_CONVERSION = YES;
				GCC_WARN_ABOUT_RETURN_TYPE = YES_ERROR;
				GCC_WARN_UNDECLARED_SELECTOR = YES;
				GCC_WARN_UNINITIALIZED_AUTOS = YES_AGGRESSIVE;
				GCC_WARN_UNUSED_FUNCTION = YES;
				GCC_WARN_UNUSED_VARIABLE = YES;
				IPHONEOS_DEPLOYMENT_TARGET = 15.0;
				LOCALIZATION_PREFERS_STRING_CATALOGS = YES;
				MTL_ENABLE_DEBUG_INFO = INCLUDE_SOURCE;
				MTL_FAST_MATH = YES;
				ONLY_ACTIVE_ARCH = YES;
				SDKROOT = iphoneos;
				SWIFT_ACTIVE_COMPILATION_CONDITIONS = "DEBUG $(inherited)";
				SWIFT_OPTIMIZATION_LEVEL = "-Onone";
			};
			name = Debug;
		};
		8F06F1752CEA33E500FA845B /* Release */ = {
			isa = XCBuildConfiguration;
			buildSettings = {
				ALWAYS_SEARCH_USER_PATHS = NO;
				ASSETCATALOG_COMPILER_GENERATE_SWIFT_ASSET_SYMBOL_EXTENSIONS = YES;
				CLANG_ANALYZER_NONNULL = YES;
				CLANG_ANALYZER_NUMBER_OBJECT_CONVERSION = YES_AGGRESSIVE;
				CLANG_CXX_LANGUAGE_STANDARD = "gnu++20";
				CLANG_ENABLE_MODULES = YES;
				CLANG_ENABLE_OBJC_ARC = YES;
				CLANG_ENABLE_OBJC_WEAK = YES;
				CLANG_WARN_BLOCK_CAPTURE_AUTORELEASING = YES;
				CLANG_WARN_BOOL_CONVERSION = YES;
				CLANG_WARN_COMMA = YES;
				CLANG_WARN_CONSTANT_CONVERSION = YES;
				CLANG_WARN_DEPRECATED_OBJC_IMPLEMENTATIONS = YES;
				CLANG_WARN_DIRECT_OBJC_ISA_USAGE = YES_ERROR;
				CLANG_WARN_DOCUMENTATION_COMMENTS = YES;
				CLANG_WARN_EMPTY_BODY = YES;
				CLANG_WARN_ENUM_CONVERSION = YES;
				CLANG_WARN_INFINITE_RECURSION = YES;
				CLANG_WARN_INT_CONVERSION = YES;
				CLANG_WARN_NON_LITERAL_NULL_CONVERSION = YES;
				CLANG_WARN_OBJC_IMPLICIT_RETAIN_SELF = YES;
				CLANG_WARN_OBJC_LITERAL_CONVERSION = YES;
				CLANG_WARN_OBJC_ROOT_CLASS = YES_ERROR;
				CLANG_WARN_QUOTED_INCLUDE_IN_FRAMEWORK_HEADER = YES;
				CLANG_WARN_RANGE_LOOP_ANALYSIS = YES;
				CLANG_WARN_STRICT_PROTOTYPES = YES;
				CLANG_WARN_SUSPICIOUS_MOVE = YES;
				CLANG_WARN_UNGUARDED_AVAILABILITY = YES_AGGRESSIVE;
				CLANG_WARN_UNREACHABLE_CODE = YES;
				CLANG_WARN__DUPLICATE_METHOD_MATCH = YES;
				COPY_PHASE_STRIP = NO;
				DEBUG_INFORMATION_FORMAT = "dwarf-with-dsym";
				ENABLE_NS_ASSERTIONS = NO;
				ENABLE_STRICT_OBJC_MSGSEND = YES;
				ENABLE_USER_SCRIPT_SANDBOXING = YES;
				GCC_C_LANGUAGE_STANDARD = gnu17;
				GCC_NO_COMMON_BLOCKS = YES;
				GCC_WARN_64_TO_32_BIT_CONVERSION = YES;
				GCC_WARN_ABOUT_RETURN_TYPE = YES_ERROR;
				GCC_WARN_UNDECLARED_SELECTOR = YES;
				GCC_WARN_UNINITIALIZED_AUTOS = YES_AGGRESSIVE;
				GCC_WARN_UNUSED_FUNCTION = YES;
				GCC_WARN_UNUSED_VARIABLE = YES;
				IPHONEOS_DEPLOYMENT_TARGET = 15.0;
				LOCALIZATION_PREFERS_STRING_CATALOGS = YES;
				MTL_ENABLE_DEBUG_INFO = NO;
				MTL_FAST_MATH = YES;
				SDKROOT = iphoneos;
				SWIFT_COMPILATION_MODE = wholemodule;
				VALIDATE_PRODUCT = YES;
			};
			name = Release;
		};
		8F06F1772CEA33E500FA845B /* Debug */ = {
			isa = XCBuildConfiguration;
			buildSettings = {
				ASSETCATALOG_COMPILER_APPICON_NAME = AppIcon;
				ASSETCATALOG_COMPILER_GLOBAL_ACCENT_COLOR_NAME = AccentColor;
				CODE_SIGN_STYLE = Automatic;
				CURRENT_PROJECT_VERSION = 1;
				DEVELOPMENT_ASSET_PATHS = "\"MoneyManager/Preview Content\"";
				DEVELOPMENT_TEAM = AWNG6A5UPC;
				ENABLE_PREVIEWS = YES;
				GENERATE_INFOPLIST_FILE = YES;
				INFOPLIST_FILE = MoneyManager/Info.plist;
				INFOPLIST_KEY_UIApplicationSceneManifest_Generation = YES;
				INFOPLIST_KEY_UIApplicationSupportsIndirectInputEvents = YES;
				INFOPLIST_KEY_UILaunchScreen_Generation = YES;
				INFOPLIST_KEY_UISupportedInterfaceOrientations = UIInterfaceOrientationPortrait;
				INFOPLIST_KEY_UISupportedInterfaceOrientations_iPad = "UIInterfaceOrientationLandscapeLeft UIInterfaceOrientationLandscapeRight UIInterfaceOrientationPortrait UIInterfaceOrientationPortraitUpsideDown";
				IPHONEOS_DEPLOYMENT_TARGET = 15.0;
				LD_RUNPATH_SEARCH_PATHS = (
					"$(inherited)",
					"@executable_path/Frameworks",
				);
				MARKETING_VERSION = 1.0;
				PRODUCT_BUNDLE_IDENTIFIER = com.example.MoneyManager1;
				PRODUCT_NAME = "$(TARGET_NAME)";
				SUPPORTED_PLATFORMS = "iphoneos iphonesimulator";
				SUPPORTS_MACCATALYST = NO;
				SUPPORTS_MAC_DESIGNED_FOR_IPHONE_IPAD = NO;
				SUPPORTS_XR_DESIGNED_FOR_IPHONE_IPAD = NO;
				SWIFT_EMIT_LOC_STRINGS = YES;
				SWIFT_VERSION = 5.0;
				TARGETED_DEVICE_FAMILY = 1;
			};
			name = Debug;
		};
		8F06F1782CEA33E500FA845B /* Release */ = {
			isa = XCBuildConfiguration;
			buildSettings = {
				ASSETCATALOG_COMPILER_APPICON_NAME = AppIcon;
				ASSETCATALOG_COMPILER_GLOBAL_ACCENT_COLOR_NAME = AccentColor;
				CODE_SIGN_STYLE = Automatic;
				CURRENT_PROJECT_VERSION = 1;
				DEVELOPMENT_ASSET_PATHS = "\"MoneyManager/Preview Content\"";
				DEVELOPMENT_TEAM = AWNG6A5UPC;
				ENABLE_PREVIEWS = YES;
				GENERATE_INFOPLIST_FILE = YES;
				INFOPLIST_FILE = MoneyManager/Info.plist;
				INFOPLIST_KEY_UIApplicationSceneManifest_Generation = YES;
				INFOPLIST_KEY_UIApplicationSupportsIndirectInputEvents = YES;
				INFOPLIST_KEY_UILaunchScreen_Generation = YES;
				INFOPLIST_KEY_UISupportedInterfaceOrientations = UIInterfaceOrientationPortrait;
				INFOPLIST_KEY_UISupportedInterfaceOrientations_iPad = "UIInterfaceOrientationLandscapeLeft UIInterfaceOrientationLandscapeRight UIInterfaceOrientationPortrait UIInterfaceOrientationPortraitUpsideDown";
				IPHONEOS_DEPLOYMENT_TARGET = 15.0;
				LD_RUNPATH_SEARCH_PATHS = (
					"$(inherited)",
					"@executable_path/Frameworks",
				);
				MARKETING_VERSION = 1.0;
				PRODUCT_BUNDLE_IDENTIFIER = com.example.MoneyManager1;
				PRODUCT_NAME = "$(TARGET_NAME)";
				SUPPORTED_PLATFORMS = "iphoneos iphonesimulator";
				SUPPORTS_MACCATALYST = NO;
				SUPPORTS_MAC_DESIGNED_FOR_IPHONE_IPAD = NO;
				SUPPORTS_XR_DESIGNED_FOR_IPHONE_IPAD = NO;
				SWIFT_EMIT_LOC_STRINGS = YES;
				SWIFT_VERSION = 5.0;
				TARGETED_DEVICE_FAMILY = 1;
			};
			name = Release;
		};
/* End XCBuildConfiguration section */

/* Begin XCConfigurationList section */
		8F06F1632CEA33E400FA845B /* Build configuration list for PBXProject "MoneyManager" */ = {
			isa = XCConfigurationList;
			buildConfigurations = (
				8F06F1742CEA33E500FA845B /* Debug */,
				8F06F1752CEA33E500FA845B /* Release */,
			);
			defaultConfigurationIsVisible = 0;
			defaultConfigurationName = Release;
		};
		8F06F1762CEA33E500FA845B /* Build configuration list for PBXNativeTarget "MoneyManager" */ = {
			isa = XCConfigurationList;
			buildConfigurations = (
				8F06F1772CEA33E500FA845B /* Debug */,
				8F06F1782CEA33E500FA845B /* Release */,
			);
			defaultConfigurationIsVisible = 0;
			defaultConfigurationName = Release;
		};
/* End XCConfigurationList section */

/* Begin XCRemoteSwiftPackageReference section */
		8F23D9692CF8FAA200C5F99C /* XCRemoteSwiftPackageReference "firebase-ios-sdk" */ = {
			isa = XCRemoteSwiftPackageReference;
			repositoryURL = "https://github.com/firebase/firebase-ios-sdk.git";
			requirement = {
				kind = upToNextMajorVersion;
				minimumVersion = 11.5.0;
			};
		};
/* End XCRemoteSwiftPackageReference section */

/* Begin XCSwiftPackageProductDependency section */
		8F23D96A2CF8FAA200C5F99C /* FirebaseAuth */ = {
			isa = XCSwiftPackageProductDependency;
			package = 8F23D9692CF8FAA200C5F99C /* XCRemoteSwiftPackageReference "firebase-ios-sdk" */;
			productName = FirebaseAuth;
		};
		8F23D96C2CF8FAA200C5F99C /* FirebaseFirestore */ = {
			isa = XCSwiftPackageProductDependency;
			package = 8F23D9692CF8FAA200C5F99C /* XCRemoteSwiftPackageReference "firebase-ios-sdk" */;
			productName = FirebaseFirestore;
		};
		8F23D96E2CF8FAA200C5F99C /* FirebaseFirestoreCombine-Community */ = {
			isa = XCSwiftPackageProductDependency;
			package = 8F23D9692CF8FAA200C5F99C /* XCRemoteSwiftPackageReference "firebase-ios-sdk" */;
			productName = "FirebaseFirestoreCombine-Community";
		};
/* End XCSwiftPackageProductDependency section */
	};
	rootObject = 8F06F1602CEA33E400FA845B /* Project object */;
}
