// !$*UTF8*$!
{
	archiveVersion = 1;
	classes = {
	};
	objectVersion = 56;
	objects = {

/* Begin PBXBuildFile section */
		032B99A52CEE600300203B6A /* FirebaseAuth in Frameworks */ = {isa = PBXBuildFile; productRef = 032B99A42CEE600300203B6A /* FirebaseAuth */; };
		032B99A72CEE600300203B6A /* FirebaseStorage in Frameworks */ = {isa = PBXBuildFile; productRef = 032B99A62CEE600300203B6A /* FirebaseStorage */; };
		032B99A92CF1DC4700203B6A /* GoogleService-Info.plist in Resources */ = {isa = PBXBuildFile; fileRef = 032B99A82CF1DC4700203B6A /* GoogleService-Info.plist */; };
		032B99AB2CF1DDF400203B6A /* FirebaseService.swift in Sources */ = {isa = PBXBuildFile; fileRef = 032B99AA2CF1DDF400203B6A /* FirebaseService.swift */; };
		032B99B32CF314AE00203B6A /* FirebaseDatabase in Frameworks */ = {isa = PBXBuildFile; productRef = 032B99B22CF314AE00203B6A /* FirebaseDatabase */; };
		032B99B52CF314AE00203B6A /* FirebaseFirestore in Frameworks */ = {isa = PBXBuildFile; productRef = 032B99B42CF314AE00203B6A /* FirebaseFirestore */; };
		032B99B72CF314AE00203B6A /* FirebaseFirestoreCombine-Community in Frameworks */ = {isa = PBXBuildFile; productRef = 032B99B62CF314AE00203B6A /* FirebaseFirestoreCombine-Community */; };
		032B99BD2CF3399100203B6A /* DataClass.swift in Sources */ = {isa = PBXBuildFile; fileRef = 032B99BC2CF3399100203B6A /* DataClass.swift */; };
		03CD74312CF7127600804500 /* Expense.swift in Sources */ = {isa = PBXBuildFile; fileRef = 03CD74302CF7127600804500 /* Expense.swift */; };
		2CBBAC972CF11214005EDE41 /* PageView.swift in Sources */ = {isa = PBXBuildFile; fileRef = 2CBBAC962CF11214005EDE41 /* PageView.swift */; };
		2CBBAC9A2CF12A78005EDE41 /* PieChartView.swift in Sources */ = {isa = PBXBuildFile; fileRef = 2CBBAC992CF12A78005EDE41 /* PieChartView.swift */; };
		2CBBAC9D2CF12E90005EDE41 /* ModelData.swift in Sources */ = {isa = PBXBuildFile; fileRef = 2CBBAC9C2CF12E90005EDE41 /* ModelData.swift */; };
		2CBBAC9F2CF12F30005EDE41 /* Category.swift in Sources */ = {isa = PBXBuildFile; fileRef = 2CBBAC9E2CF12F30005EDE41 /* Category.swift */; };
		2CBBACA62CF1E3F4005EDE41 /* CategoryRow.swift in Sources */ = {isa = PBXBuildFile; fileRef = 2CBBACA52CF1E3F4005EDE41 /* CategoryRow.swift */; };
		2CBBACA82CF1E809005EDE41 /* MainView.swift in Sources */ = {isa = PBXBuildFile; fileRef = 2CBBACA72CF1E809005EDE41 /* MainView.swift */; };
		2CBBACB32CF20C67005EDE41 /* CategoryData.json in Resources */ = {isa = PBXBuildFile; fileRef = 2CBBACB12CF206F6005EDE41 /* CategoryData.json */; };
		2CBBACB92CF5DACA005EDE41 /* TopBar.swift in Sources */ = {isa = PBXBuildFile; fileRef = 2CBBACB82CF5DACA005EDE41 /* TopBar.swift */; };
		2CBBACBB2CF5DADB005EDE41 /* BottomBar.swift in Sources */ = {isa = PBXBuildFile; fileRef = 2CBBACBA2CF5DADB005EDE41 /* BottomBar.swift */; };
		8F06F16C2CEA33E400FA845B /* MoneyManagerApp.swift in Sources */ = {isa = PBXBuildFile; fileRef = 8F06F16B2CEA33E400FA845B /* MoneyManagerApp.swift */; };
		8F06F16E2CEA33E400FA845B /* ContentView.swift in Sources */ = {isa = PBXBuildFile; fileRef = 8F06F16D2CEA33E400FA845B /* ContentView.swift */; };
		8F06F1702CEA33E500FA845B /* Assets.xcassets in Resources */ = {isa = PBXBuildFile; fileRef = 8F06F16F2CEA33E500FA845B /* Assets.xcassets */; };
		8F06F1732CEA33E500FA845B /* Preview Assets.xcassets in Resources */ = {isa = PBXBuildFile; fileRef = 8F06F1722CEA33E500FA845B /* Preview Assets.xcassets */; };
/* End PBXBuildFile section */

/* Begin PBXFileReference section */
		032B99A82CF1DC4700203B6A /* GoogleService-Info.plist */ = {isa = PBXFileReference; fileEncoding = 4; lastKnownFileType = text.plist.xml; path = "GoogleService-Info.plist"; sourceTree = "<group>"; };
		032B99AA2CF1DDF400203B6A /* FirebaseService.swift */ = {isa = PBXFileReference; lastKnownFileType = sourcecode.swift; path = FirebaseService.swift; sourceTree = "<group>"; };
		032B99BC2CF3399100203B6A /* DataClass.swift */ = {isa = PBXFileReference; lastKnownFileType = sourcecode.swift; path = DataClass.swift; sourceTree = "<group>"; };
		03CD74302CF7127600804500 /* Expense.swift */ = {isa = PBXFileReference; lastKnownFileType = sourcecode.swift; path = Expense.swift; sourceTree = "<group>"; };
		2CBBAC962CF11214005EDE41 /* PageView.swift */ = {isa = PBXFileReference; lastKnownFileType = sourcecode.swift; path = PageView.swift; sourceTree = "<group>"; };
		2CBBAC992CF12A78005EDE41 /* PieChartView.swift */ = {isa = PBXFileReference; lastKnownFileType = sourcecode.swift; path = PieChartView.swift; sourceTree = "<group>"; };
		2CBBAC9C2CF12E90005EDE41 /* ModelData.swift */ = {isa = PBXFileReference; lastKnownFileType = sourcecode.swift; path = ModelData.swift; sourceTree = "<group>"; };
		2CBBAC9E2CF12F30005EDE41 /* Category.swift */ = {isa = PBXFileReference; lastKnownFileType = sourcecode.swift; path = Category.swift; sourceTree = "<group>"; };
		2CBBACA52CF1E3F4005EDE41 /* CategoryRow.swift */ = {isa = PBXFileReference; lastKnownFileType = sourcecode.swift; path = CategoryRow.swift; sourceTree = "<group>"; };
		2CBBACA72CF1E809005EDE41 /* MainView.swift */ = {isa = PBXFileReference; indentWidth = 4; lastKnownFileType = sourcecode.swift; path = MainView.swift; sourceTree = "<group>"; tabWidth = 4; };
		2CBBACB12CF206F6005EDE41 /* CategoryData.json */ = {isa = PBXFileReference; lastKnownFileType = text.json; path = CategoryData.json; sourceTree = "<group>"; };
		2CBBACB82CF5DACA005EDE41 /* TopBar.swift */ = {isa = PBXFileReference; lastKnownFileType = sourcecode.swift; path = TopBar.swift; sourceTree = "<group>"; };
		2CBBACBA2CF5DADB005EDE41 /* BottomBar.swift */ = {isa = PBXFileReference; lastKnownFileType = sourcecode.swift; path = BottomBar.swift; sourceTree = "<group>"; }; 
		8F06F1682CEA33E400FA845B /* MoneyManager.app */ = {isa = PBXFileReference; explicitFileType = wrapper.application; includeInIndex = 0; path = MoneyManager.app; sourceTree = BUILT_PRODUCTS_DIR; };
		8F06F16B2CEA33E400FA845B /* MoneyManagerApp.swift */ = {isa = PBXFileReference; lastKnownFileType = sourcecode.swift; path = MoneyManagerApp.swift; sourceTree = "<group>"; };
		8F06F16D2CEA33E400FA845B /* ContentView.swift */ = {isa = PBXFileReference; lastKnownFileType = sourcecode.swift; path = ContentView.swift; sourceTree = "<group>"; };
		8F06F16F2CEA33E500FA845B /* Assets.xcassets */ = {isa = PBXFileReference; lastKnownFileType = folder.assetcatalog; path = Assets.xcassets; sourceTree = "<group>"; };
		8F06F1722CEA33E500FA845B /* Preview Assets.xcassets */ = {isa = PBXFileReference; lastKnownFileType = folder.assetcatalog; path = "Preview Assets.xcassets"; sourceTree = "<group>"; };
/* End PBXFileReference section */

/* Begin PBXFrameworksBuildPhase section */
		8F06F1652CEA33E400FA845B /* Frameworks */ = {
			isa = PBXFrameworksBuildPhase;
			buildActionMask = 2147483647;
			files = (
				032B99B32CF314AE00203B6A /* FirebaseDatabase in Frameworks */,
				032B99B52CF314AE00203B6A /* FirebaseFirestore in Frameworks */,
				032B99A52CEE600300203B6A /* FirebaseAuth in Frameworks */,
				032B99B72CF314AE00203B6A /* FirebaseFirestoreCombine-Community in Frameworks */,
				032B99A72CEE600300203B6A /* FirebaseStorage in Frameworks */,
			);
			runOnlyForDeploymentPostprocessing = 0;
		};
/* End PBXFrameworksBuildPhase section */

/* Begin PBXGroup section */

		032B99AE2CF27BB600203B6A /* Authentication */ = {
			isa = PBXGroup;
			children = (
				032B99AA2CF1DDF400203B6A /* FirebaseService.swift */,
			);
			path = Authentication;
			sourceTree = "<group>";
		};
		032B99B82CF315AE00203B6A /* Frameworks */ = {
			isa = PBXGroup;
			children = (
			);
			name = Frameworks;
			sourceTree = "<group>";
		};
		032B99B92CF315D300203B6A /* View */ = {
			isa = PBXGroup;
			children = (
				8F06F16D2CEA33E400FA845B /* ContentView.swift */,
			);
			path = View;
			sourceTree = "<group>";
		};
		032B99BB2CF3398400203B6A /* Data */ = {
			isa = PBXGroup;
			children = (
				032B99BC2CF3399100203B6A /* DataClass.swift */,
			);
			path = Data;
			sourceTree = "<group>";
		};
		03CD742D2CF70C4600804500 /* Model */ = {
			isa = PBXGroup;
			children = (
				03CD74302CF7127600804500 /* Expense.swift */,
			);
			path = Model;
		2CBBAC932CF1108E005EDE41 /* PageViews */ = {
			isa = PBXGroup;
			children = (
				2CBBAC962CF11214005EDE41 /* PageView.swift */,
				2CBBACA72CF1E809005EDE41 /* MainView.swift */,
			);
			path = PageViews;
			sourceTree = "<group>";
		};
		2CBBAC982CF12A5B005EDE41 /* Tools */ = {
			isa = PBXGroup;
			children = (
				2CBBAC992CF12A78005EDE41 /* PieChartView.swift */,
				2CBBACB82CF5DACA005EDE41 /* TopBar.swift */,
				2CBBACBA2CF5DADB005EDE41 /* BottomBar.swift */,
			);
			path = Tools;
			sourceTree = "<group>";
		};
		2CBBAC9B2CF12E5C005EDE41 /* Model */ = {
			isa = PBXGroup;
			children = (
				2CBBAC9C2CF12E90005EDE41 /* ModelData.swift */,
				2CBBAC9E2CF12F30005EDE41 /* Category.swift */,
			);
			path = Model;
			sourceTree = "<group>";
		};
		2CBBACA02CF12F87005EDE41 /* Resources */ = {
			isa = PBXGroup;
			children = (
				2CBBACB12CF206F6005EDE41 /* CategoryData.json */,
			);
			path = Resources;
			sourceTree = "<group>";
		};
		2CBBACAA2CF1F3BA005EDE41 /* CategoryViews */ = {
			isa = PBXGroup;
			children = (
				2CBBACA52CF1E3F4005EDE41 /* CategoryRow.swift */,
			);
			path = CategoryViews; 
			sourceTree = "<group>";
		};
		8F06F15F2CEA33E400FA845B = {
			isa = PBXGroup;
			children = (
				8F06F16A2CEA33E400FA845B /* MoneyManager */,
				8F06F1692CEA33E400FA845B /* Products */,
				032B99B82CF315AE00203B6A /* Frameworks */,
			);
			sourceTree = "<group>";
		};
		8F06F1692CEA33E400FA845B /* Products */ = {
			isa = PBXGroup;
			children = (
				8F06F1682CEA33E400FA845B /* MoneyManager.app */,
			);
			name = Products;
			sourceTree = "<group>";
		};
		8F06F16A2CEA33E400FA845B /* MoneyManager */ = {
			isa = PBXGroup;
			children = (
				032B99A82CF1DC4700203B6A /* GoogleService-Info.plist */,
				032B99BB2CF3398400203B6A /* Data */,
				03CD742D2CF70C4600804500 /* Model */,
				032B99B92CF315D300203B6A /* View */,
				032B99AE2CF27BB600203B6A /* Authentication */,
				8F06F16B2CEA33E400FA845B /* MoneyManagerApp.swift */,
 

				8F06F16D2CEA33E400FA845B /* ContentView.swift */,
				2CBBAC932CF1108E005EDE41 /* PageViews */,
				2CBBACAA2CF1F3BA005EDE41 /* CategoryViews */,
				2CBBAC9B2CF12E5C005EDE41 /* Model */,
				2CBBAC982CF12A5B005EDE41 /* Tools */,
				2CBBACA02CF12F87005EDE41 /* Resources */,
 
				8F06F16F2CEA33E500FA845B /* Assets.xcassets */,
				8F06F1712CEA33E500FA845B /* Preview Content */,
			);
			path = MoneyManager;
			sourceTree = "<group>";
		};
		8F06F1712CEA33E500FA845B /* Preview Content */ = {
			isa = PBXGroup;
			children = (
				8F06F1722CEA33E500FA845B /* Preview Assets.xcassets */,
			);
			path = "Preview Content";
			sourceTree = "<group>";
		};
/* End PBXGroup section */

/* Begin PBXNativeTarget section */
		8F06F1672CEA33E400FA845B /* MoneyManager */ = {
			isa = PBXNativeTarget;
			buildConfigurationList = 8F06F1762CEA33E500FA845B /* Build configuration list for PBXNativeTarget "MoneyManager" */;
			buildPhases = (
				8F06F1642CEA33E400FA845B /* Sources */,
				8F06F1652CEA33E400FA845B /* Frameworks */,
				8F06F1662CEA33E400FA845B /* Resources */,
			);
			buildRules = (
			);
			dependencies = (
			);
			name = MoneyManager;
			packageProductDependencies = (
				032B99A42CEE600300203B6A /* FirebaseAuth */,
				032B99A62CEE600300203B6A /* FirebaseStorage */,
				032B99B22CF314AE00203B6A /* FirebaseDatabase */,
				032B99B42CF314AE00203B6A /* FirebaseFirestore */,
				032B99B62CF314AE00203B6A /* FirebaseFirestoreCombine-Community */,
			);
			productName = MoneyManager;
			productReference = 8F06F1682CEA33E400FA845B /* MoneyManager.app */;
			productType = "com.apple.product-type.application";
		};
/* End PBXNativeTarget section */

/* Begin PBXProject section */
		8F06F1602CEA33E400FA845B /* Project object */ = {
			isa = PBXProject;
			attributes = {
				BuildIndependentTargetsInParallel = 1;
				LastSwiftUpdateCheck = 1540;
				LastUpgradeCheck = 1540;
				TargetAttributes = {
					8F06F1672CEA33E400FA845B = {
						CreatedOnToolsVersion = 15.4;
					};
				};
			};
			buildConfigurationList = 8F06F1632CEA33E400FA845B /* Build configuration list for PBXProject "MoneyManager" */;
			compatibilityVersion = "Xcode 14.0";
			developmentRegion = en;
			hasScannedForEncodings = 0;
			knownRegions = (
				en,
				Base,
			);
			mainGroup = 8F06F15F2CEA33E400FA845B;
			packageReferences = (
				032B99A32CEE600300203B6A /* XCRemoteSwiftPackageReference "firebase-ios-sdk" */,
			);
			productRefGroup = 8F06F1692CEA33E400FA845B /* Products */;
			projectDirPath = "";
			projectRoot = "";
			targets = (
				8F06F1672CEA33E400FA845B /* MoneyManager */,
			);
		};
/* End PBXProject section */

/* Begin PBXResourcesBuildPhase section */
		8F06F1662CEA33E400FA845B /* Resources */ = {
			isa = PBXResourcesBuildPhase;
			buildActionMask = 2147483647;
			files = (
				2CBBACB32CF20C67005EDE41 /* CategoryData.json in Resources */,
				8F06F1732CEA33E500FA845B /* Preview Assets.xcassets in Resources */,
				8F06F1702CEA33E500FA845B /* Assets.xcassets in Resources */,
				032B99A92CF1DC4700203B6A /* GoogleService-Info.plist in Resources */,
			);
			runOnlyForDeploymentPostprocessing = 0;
		};
/* End PBXResourcesBuildPhase section */

/* Begin PBXSourcesBuildPhase section */
		8F06F1642CEA33E400FA845B /* Sources */ = {
			isa = PBXSourcesBuildPhase;
			buildActionMask = 2147483647;
			files = (
				03CD74312CF7127600804500 /* Expense.swift in Sources */,
				8F06F16E2CEA33E400FA845B /* ContentView.swift in Sources */,
				032B99AB2CF1DDF400203B6A /* FirebaseService.swift in Sources */,
				032B99BD2CF3399100203B6A /* DataClass.swift in Sources */,
				2CBBACB92CF5DACA005EDE41 /* TopBar.swift in Sources */,
				2CBBACA82CF1E809005EDE41 /* MainView.swift in Sources */,
				2CBBAC9A2CF12A78005EDE41 /* PieChartView.swift in Sources */,
				2CBBACA62CF1E3F4005EDE41 /* CategoryRow.swift in Sources */,
				2CBBAC9D2CF12E90005EDE41 /* ModelData.swift in Sources */,
				2CBBACBB2CF5DADB005EDE41 /* BottomBar.swift in Sources */,
				2CBBAC972CF11214005EDE41 /* PageView.swift in Sources */,
				8F06F16C2CEA33E400FA845B /* MoneyManagerApp.swift in Sources */,
				2CBBAC9F2CF12F30005EDE41 /* Category.swift in Sources */,
			);
			runOnlyForDeploymentPostprocessing = 0;
		};
/* End PBXSourcesBuildPhase section */

/* Begin XCBuildConfiguration section */
		8F06F1742CEA33E500FA845B /* Debug */ = {
			isa = XCBuildConfiguration;
			buildSettings = {
				ALWAYS_SEARCH_USER_PATHS = NO;
				ASSETCATALOG_COMPILER_GENERATE_SWIFT_ASSET_SYMBOL_EXTENSIONS = YES;
				CLANG_ANALYZER_NONNULL = YES;
				CLANG_ANALYZER_NUMBER_OBJECT_CONVERSION = YES_AGGRESSIVE;
				CLANG_CXX_LANGUAGE_STANDARD = "gnu++20";
				CLANG_ENABLE_MODULES = YES;
				CLANG_ENABLE_OBJC_ARC = YES;
				CLANG_ENABLE_OBJC_WEAK = YES;
				CLANG_WARN_BLOCK_CAPTURE_AUTORELEASING = YES;
				CLANG_WARN_BOOL_CONVERSION = YES;
				CLANG_WARN_COMMA = YES;
				CLANG_WARN_CONSTANT_CONVERSION = YES;
				CLANG_WARN_DEPRECATED_OBJC_IMPLEMENTATIONS = YES;
				CLANG_WARN_DIRECT_OBJC_ISA_USAGE = YES_ERROR;
				CLANG_WARN_DOCUMENTATION_COMMENTS = YES;
				CLANG_WARN_EMPTY_BODY = YES;
				CLANG_WARN_ENUM_CONVERSION = YES;
				CLANG_WARN_INFINITE_RECURSION = YES;
				CLANG_WARN_INT_CONVERSION = YES;
				CLANG_WARN_NON_LITERAL_NULL_CONVERSION = YES;
				CLANG_WARN_OBJC_IMPLICIT_RETAIN_SELF = YES;
				CLANG_WARN_OBJC_LITERAL_CONVERSION = YES;
				CLANG_WARN_OBJC_ROOT_CLASS = YES_ERROR;
				CLANG_WARN_QUOTED_INCLUDE_IN_FRAMEWORK_HEADER = YES;
				CLANG_WARN_RANGE_LOOP_ANALYSIS = YES;
				CLANG_WARN_STRICT_PROTOTYPES = YES;
				CLANG_WARN_SUSPICIOUS_MOVE = YES;
				CLANG_WARN_UNGUARDED_AVAILABILITY = YES_AGGRESSIVE;
				CLANG_WARN_UNREACHABLE_CODE = YES;
				CLANG_WARN__DUPLICATE_METHOD_MATCH = YES;
				COPY_PHASE_STRIP = NO;
				DEBUG_INFORMATION_FORMAT = dwarf;
				ENABLE_STRICT_OBJC_MSGSEND = YES;
				ENABLE_TESTABILITY = YES;
				ENABLE_USER_SCRIPT_SANDBOXING = YES;
				GCC_C_LANGUAGE_STANDARD = gnu17;
				GCC_DYNAMIC_NO_PIC = NO;
				GCC_NO_COMMON_BLOCKS = YES;
				GCC_OPTIMIZATION_LEVEL = 0;
				GCC_PREPROCESSOR_DEFINITIONS = (
					"DEBUG=1",
					"$(inherited)",
				);
				GCC_WARN_64_TO_32_BIT_CONVERSION = YES;
				GCC_WARN_ABOUT_RETURN_TYPE = YES_ERROR;
				GCC_WARN_UNDECLARED_SELECTOR = YES;
				GCC_WARN_UNINITIALIZED_AUTOS = YES_AGGRESSIVE;
				GCC_WARN_UNUSED_FUNCTION = YES;
				GCC_WARN_UNUSED_VARIABLE = YES;
				IPHONEOS_DEPLOYMENT_TARGET = 15.0;
				LOCALIZATION_PREFERS_STRING_CATALOGS = YES;
				MTL_ENABLE_DEBUG_INFO = INCLUDE_SOURCE;
				MTL_FAST_MATH = YES;
				ONLY_ACTIVE_ARCH = YES;
				SDKROOT = iphoneos;
				SWIFT_ACTIVE_COMPILATION_CONDITIONS = "DEBUG $(inherited)";
				SWIFT_OPTIMIZATION_LEVEL = "-Onone";
			};
			name = Debug;
		};
		8F06F1752CEA33E500FA845B /* Release */ = {
			isa = XCBuildConfiguration;
			buildSettings = {
				ALWAYS_SEARCH_USER_PATHS = NO;
				ASSETCATALOG_COMPILER_GENERATE_SWIFT_ASSET_SYMBOL_EXTENSIONS = YES;
				CLANG_ANALYZER_NONNULL = YES;
				CLANG_ANALYZER_NUMBER_OBJECT_CONVERSION = YES_AGGRESSIVE;
				CLANG_CXX_LANGUAGE_STANDARD = "gnu++20";
				CLANG_ENABLE_MODULES = YES;
				CLANG_ENABLE_OBJC_ARC = YES;
				CLANG_ENABLE_OBJC_WEAK = YES;
				CLANG_WARN_BLOCK_CAPTURE_AUTORELEASING = YES;
				CLANG_WARN_BOOL_CONVERSION = YES;
				CLANG_WARN_COMMA = YES;
				CLANG_WARN_CONSTANT_CONVERSION = YES;
				CLANG_WARN_DEPRECATED_OBJC_IMPLEMENTATIONS = YES;
				CLANG_WARN_DIRECT_OBJC_ISA_USAGE = YES_ERROR;
				CLANG_WARN_DOCUMENTATION_COMMENTS = YES;
				CLANG_WARN_EMPTY_BODY = YES;
				CLANG_WARN_ENUM_CONVERSION = YES;
				CLANG_WARN_INFINITE_RECURSION = YES;
				CLANG_WARN_INT_CONVERSION = YES;
				CLANG_WARN_NON_LITERAL_NULL_CONVERSION = YES;
				CLANG_WARN_OBJC_IMPLICIT_RETAIN_SELF = YES;
				CLANG_WARN_OBJC_LITERAL_CONVERSION = YES;
				CLANG_WARN_OBJC_ROOT_CLASS = YES_ERROR;
				CLANG_WARN_QUOTED_INCLUDE_IN_FRAMEWORK_HEADER = YES;
				CLANG_WARN_RANGE_LOOP_ANALYSIS = YES;
				CLANG_WARN_STRICT_PROTOTYPES = YES;
				CLANG_WARN_SUSPICIOUS_MOVE = YES;
				CLANG_WARN_UNGUARDED_AVAILABILITY = YES_AGGRESSIVE;
				CLANG_WARN_UNREACHABLE_CODE = YES;
				CLANG_WARN__DUPLICATE_METHOD_MATCH = YES;
				COPY_PHASE_STRIP = NO;
				DEBUG_INFORMATION_FORMAT = "dwarf-with-dsym";
				ENABLE_NS_ASSERTIONS = NO;
				ENABLE_STRICT_OBJC_MSGSEND = YES;
				ENABLE_USER_SCRIPT_SANDBOXING = YES;
				GCC_C_LANGUAGE_STANDARD = gnu17;
				GCC_NO_COMMON_BLOCKS = YES;
				GCC_WARN_64_TO_32_BIT_CONVERSION = YES;
				GCC_WARN_ABOUT_RETURN_TYPE = YES_ERROR;
				GCC_WARN_UNDECLARED_SELECTOR = YES;
				GCC_WARN_UNINITIALIZED_AUTOS = YES_AGGRESSIVE;
				GCC_WARN_UNUSED_FUNCTION = YES;
				GCC_WARN_UNUSED_VARIABLE = YES;
				IPHONEOS_DEPLOYMENT_TARGET = 15.0;
				LOCALIZATION_PREFERS_STRING_CATALOGS = YES;
				MTL_ENABLE_DEBUG_INFO = NO;
				MTL_FAST_MATH = YES;
				SDKROOT = iphoneos;
				SWIFT_COMPILATION_MODE = wholemodule;
				VALIDATE_PRODUCT = YES;
			};
			name = Release;
		};
		8F06F1772CEA33E500FA845B /* Debug */ = {
			isa = XCBuildConfiguration;
			buildSettings = {
				ASSETCATALOG_COMPILER_APPICON_NAME = AppIcon;
				ASSETCATALOG_COMPILER_GLOBAL_ACCENT_COLOR_NAME = AccentColor;
				CODE_SIGN_STYLE = Automatic;
				CURRENT_PROJECT_VERSION = 1;
				DEVELOPMENT_ASSET_PATHS = "\"MoneyManager/Preview Content\"";
				DEVELOPMENT_TEAM = 8869MH63SP;
				ENABLE_PREVIEWS = YES;
				GENERATE_INFOPLIST_FILE = YES;
				INFOPLIST_KEY_UIApplicationSceneManifest_Generation = YES;
				INFOPLIST_KEY_UIApplicationSupportsIndirectInputEvents = YES;
				INFOPLIST_KEY_UILaunchScreen_Generation = YES;
				INFOPLIST_KEY_UISupportedInterfaceOrientations = UIInterfaceOrientationPortrait;
				INFOPLIST_KEY_UISupportedInterfaceOrientations_iPad = "UIInterfaceOrientationLandscapeLeft UIInterfaceOrientationLandscapeRight UIInterfaceOrientationPortrait UIInterfaceOrientationPortraitUpsideDown";
				IPHONEOS_DEPLOYMENT_TARGET = 15.0;
				LD_RUNPATH_SEARCH_PATHS = (
					"$(inherited)",
					"@executable_path/Frameworks",
				);
				MARKETING_VERSION = 1.0;
				PRODUCT_BUNDLE_IDENTIFIER = com.example.MoneyManager1;
				PRODUCT_NAME = "$(TARGET_NAME)";
				SUPPORTED_PLATFORMS = "iphoneos iphonesimulator";
				SUPPORTS_MACCATALYST = NO;
				SUPPORTS_MAC_DESIGNED_FOR_IPHONE_IPAD = NO;
				SUPPORTS_XR_DESIGNED_FOR_IPHONE_IPAD = NO;
				SWIFT_EMIT_LOC_STRINGS = YES;
				SWIFT_VERSION = 5.0;
				TARGETED_DEVICE_FAMILY = 1;
			};
			name = Debug;
		};
		8F06F1782CEA33E500FA845B /* Release */ = {
			isa = XCBuildConfiguration;
			buildSettings = {
				ASSETCATALOG_COMPILER_APPICON_NAME = AppIcon;
				ASSETCATALOG_COMPILER_GLOBAL_ACCENT_COLOR_NAME = AccentColor;
				CODE_SIGN_STYLE = Automatic;
				CURRENT_PROJECT_VERSION = 1;
				DEVELOPMENT_ASSET_PATHS = "\"MoneyManager/Preview Content\"";
				DEVELOPMENT_TEAM = 8869MH63SP;
				ENABLE_PREVIEWS = YES;
				GENERATE_INFOPLIST_FILE = YES;
				INFOPLIST_KEY_UIApplicationSceneManifest_Generation = YES;
				INFOPLIST_KEY_UIApplicationSupportsIndirectInputEvents = YES;
				INFOPLIST_KEY_UILaunchScreen_Generation = YES;
				INFOPLIST_KEY_UISupportedInterfaceOrientations = UIInterfaceOrientationPortrait;
				INFOPLIST_KEY_UISupportedInterfaceOrientations_iPad = "UIInterfaceOrientationLandscapeLeft UIInterfaceOrientationLandscapeRight UIInterfaceOrientationPortrait UIInterfaceOrientationPortraitUpsideDown";
				IPHONEOS_DEPLOYMENT_TARGET = 15.0;
				LD_RUNPATH_SEARCH_PATHS = (
					"$(inherited)",
					"@executable_path/Frameworks",
				);
				MARKETING_VERSION = 1.0;
				PRODUCT_BUNDLE_IDENTIFIER = com.example.MoneyManager1;
				PRODUCT_NAME = "$(TARGET_NAME)";
				SUPPORTED_PLATFORMS = "iphoneos iphonesimulator";
				SUPPORTS_MACCATALYST = NO;
				SUPPORTS_MAC_DESIGNED_FOR_IPHONE_IPAD = NO;
				SUPPORTS_XR_DESIGNED_FOR_IPHONE_IPAD = NO;
				SWIFT_EMIT_LOC_STRINGS = YES;
				SWIFT_VERSION = 5.0;
				TARGETED_DEVICE_FAMILY = 1;
			};
			name = Release;
		};
/* End XCBuildConfiguration section */

/* Begin XCConfigurationList section */
		8F06F1632CEA33E400FA845B /* Build configuration list for PBXProject "MoneyManager" */ = {
			isa = XCConfigurationList;
			buildConfigurations = (
				8F06F1742CEA33E500FA845B /* Debug */,
				8F06F1752CEA33E500FA845B /* Release */,
			);
			defaultConfigurationIsVisible = 0;
			defaultConfigurationName = Release;
		};
		8F06F1762CEA33E500FA845B /* Build configuration list for PBXNativeTarget "MoneyManager" */ = {
			isa = XCConfigurationList;
			buildConfigurations = (
				8F06F1772CEA33E500FA845B /* Debug */,
				8F06F1782CEA33E500FA845B /* Release */,
			);
			defaultConfigurationIsVisible = 0;
			defaultConfigurationName = Release;
		};
/* End XCConfigurationList section */

/* Begin XCRemoteSwiftPackageReference section */
		032B99A32CEE600300203B6A /* XCRemoteSwiftPackageReference "firebase-ios-sdk" */ = {
			isa = XCRemoteSwiftPackageReference;
			repositoryURL = "https://github.com/firebase/firebase-ios-sdk.git";
			requirement = {
				kind = upToNextMajorVersion;
				minimumVersion = 11.5.0;
			};
		};
/* End XCRemoteSwiftPackageReference section */

/* Begin XCSwiftPackageProductDependency section */
		032B99A42CEE600300203B6A /* FirebaseAuth */ = {
			isa = XCSwiftPackageProductDependency;
			package = 032B99A32CEE600300203B6A /* XCRemoteSwiftPackageReference "firebase-ios-sdk" */;
			productName = FirebaseAuth;
		};
		032B99A62CEE600300203B6A /* FirebaseStorage */ = {
			isa = XCSwiftPackageProductDependency;
			package = 032B99A32CEE600300203B6A /* XCRemoteSwiftPackageReference "firebase-ios-sdk" */;
			productName = FirebaseStorage;
		};
		032B99B22CF314AE00203B6A /* FirebaseDatabase */ = {
			isa = XCSwiftPackageProductDependency;
			package = 032B99A32CEE600300203B6A /* XCRemoteSwiftPackageReference "firebase-ios-sdk" */;
			productName = FirebaseDatabase;
		};
		032B99B42CF314AE00203B6A /* FirebaseFirestore */ = {
			isa = XCSwiftPackageProductDependency;
			package = 032B99A32CEE600300203B6A /* XCRemoteSwiftPackageReference "firebase-ios-sdk" */;
			productName = FirebaseFirestore;
		};
		032B99B62CF314AE00203B6A /* FirebaseFirestoreCombine-Community */ = {
			isa = XCSwiftPackageProductDependency;
			package = 032B99A32CEE600300203B6A /* XCRemoteSwiftPackageReference "firebase-ios-sdk" */;
			productName = "FirebaseFirestoreCombine-Community";
		};
/* End XCSwiftPackageProductDependency section */
	};
	rootObject = 8F06F1602CEA33E400FA845B /* Project object */;
}
